Microsoft Visual Studio Solution File, Format Version 12.00
# Visual Studio 2012
Project("{FAE04EC0-301F-11D3-BF4B-00C04F79EFBC}") = "heavyWater", "heavyWater.csproj", "{DE3A171F-99E1-4B1E-AE2A-598EC354F5BB}"
EndProject
Global
	GlobalSection(SolutionConfigurationPlatforms) = preSolution
	Debug|Any CPU = Debug|Any CPU
	ExportDebug|Any CPU = ExportDebug|Any CPU
	ExportRelease|Any CPU = ExportRelease|Any CPU
	EndGlobalSection
	GlobalSection(ProjectConfigurationPlatforms) = postSolution
		{DE3A171F-99E1-4B1E-AE2A-598EC354F5BB}.Debug|Any CPU.ActiveCfg = Debug|Any CPU
		{DE3A171F-99E1-4B1E-AE2A-598EC354F5BB}.Debug|Any CPU.Build.0 = Debug|Any CPU
		{DE3A171F-99E1-4B1E-AE2A-598EC354F5BB}.ExportDebug|Any CPU.ActiveCfg = ExportDebug|Any CPU
		{DE3A171F-99E1-4B1E-AE2A-598EC354F5BB}.ExportDebug|Any CPU.Build.0 = ExportDebug|Any CPU
		{DE3A171F-99E1-4B1E-AE2A-598EC354F5BB}.ExportRelease|Any CPU.ActiveCfg = ExportRelease|Any CPU
		{DE3A171F-99E1-4B1E-AE2A-598EC354F5BB}.ExportRelease|Any CPU.Build.0 = ExportRelease|Any CPU
	EndGlobalSection
EndGlobal
